
Microsoft Visual Studio Solution File, Format Version 12.00
# Visual Studio Version 17
VisualStudioVersion = 17.10.35013.160
MinimumVisualStudioVersion = 10.0.40219.1
Project("{FAE04EC0-301F-11D3-BF4B-00C04F79EFBC}") = "ConsoleApp1", "ConsoleApp1\ConsoleApp1.csproj", "{74A77A56-0C4C-436F-AD53-D40AA7FD347F}"
EndProject
Project("{FAE04EC0-301F-11D3-BF4B-00C04F79EFBC}") = "ConsoleApp2", "ConsoleApp2\ConsoleApp2.csproj", "{B18014A3-3C5C-42B4-A08B-27763278D51D}"
EndProject
Project("{FAE04EC0-301F-11D3-BF4B-00C04F79EFBC}") = "ConsoleApp3", "ConsoleApp3\ConsoleApp3.csproj", "{9D5DC038-1BEA-4F92-957D-81541A2E891A}"
EndProject
Project("{FAE04EC0-301F-11D3-BF4B-00C04F79EFBC}") = "ConsoleApp4", "ConsoleApp4\ConsoleApp4.csproj", "{47D0BB45-6FAD-4B0B-A9E4-B446FFF2EC97}"
EndProject
Global
	GlobalSection(SolutionConfigurationPlatforms) = preSolution
		Debug|Any CPU = Debug|Any CPU
		Release|Any CPU = Release|Any CPU
	EndGlobalSection
	GlobalSection(ProjectConfigurationPlatforms) = postSolution
		{74A77A56-0C4C-436F-AD53-D40AA7FD347F}.Debug|Any CPU.ActiveCfg = Debug|Any CPU
		{74A77A56-0C4C-436F-AD53-D40AA7FD347F}.Debug|Any CPU.Build.0 = Debug|Any CPU
		{74A77A56-0C4C-436F-AD53-D40AA7FD347F}.Release|Any CPU.ActiveCfg = Release|Any CPU
		{74A77A56-0C4C-436F-AD53-D40AA7FD347F}.Release|Any CPU.Build.0 = Release|Any CPU
		{B18014A3-3C5C-42B4-A08B-27763278D51D}.Debug|Any CPU.ActiveCfg = Debug|Any CPU
		{B18014A3-3C5C-42B4-A08B-27763278D51D}.Debug|Any CPU.Build.0 = Debug|Any CPU
		{B18014A3-3C5C-42B4-A08B-27763278D51D}.Release|Any CPU.ActiveCfg = Release|Any CPU
		{B18014A3-3C5C-42B4-A08B-27763278D51D}.Release|Any CPU.Build.0 = Release|Any CPU
		{9D5DC038-1BEA-4F92-957D-81541A2E891A}.Debug|Any CPU.ActiveCfg = Debug|Any CPU
		{9D5DC038-1BEA-4F92-957D-81541A2E891A}.Debug|Any CPU.Build.0 = Debug|Any CPU
		{9D5DC038-1BEA-4F92-957D-81541A2E891A}.Release|Any CPU.ActiveCfg = Release|Any CPU
		{9D5DC038-1BEA-4F92-957D-81541A2E891A}.Release|Any CPU.Build.0 = Release|Any CPU
		{47D0BB45-6FAD-4B0B-A9E4-B446FFF2EC97}.Debug|Any CPU.ActiveCfg = Debug|Any CPU
		{47D0BB45-6FAD-4B0B-A9E4-B446FFF2EC97}.Debug|Any CPU.Build.0 = Debug|Any CPU
		{47D0BB45-6FAD-4B0B-A9E4-B446FFF2EC97}.Release|Any CPU.ActiveCfg = Release|Any CPU
		{47D0BB45-6FAD-4B0B-A9E4-B446FFF2EC97}.Release|Any CPU.Build.0 = Release|Any CPU
	EndGlobalSection
	GlobalSection(SolutionProperties) = preSolution
		HideSolutionNode = FALSE
	EndGlobalSection
	GlobalSection(ExtensibilityGlobals) = postSolution
		SolutionGuid = {42D8D647-66F6-4818-9DCD-7E722BA0BBA6}
	EndGlobalSection
EndGlobal
